
Microsoft Visual Studio Solution File, Format Version 12.00
# Visual Studio Version 17
VisualStudioVersion = 17.14.36401.2 d17.14
MinimumVisualStudioVersion = 10.0.40219.1
Project("{FAE04EC0-301F-11D3-BF4B-00C04F79EFBC}") = "RepasoPOO", "RepasoPOO\RepasoPOO.csproj", "{DCEC3E96-E22D-4C66-A2F0-5F57CA13067B}"
EndProject
Global
	GlobalSection(SolutionConfigurationPlatforms) = preSolution
		Debug|Any CPU = Debug|Any CPU
		Release|Any CPU = Release|Any CPU
	EndGlobalSection
	GlobalSection(ProjectConfigurationPlatforms) = postSolution
		{DCEC3E96-E22D-4C66-A2F0-5F57CA13067B}.Debug|Any CPU.ActiveCfg = Debug|Any CPU
		{DCEC3E96-E22D-4C66-A2F0-5F57CA13067B}.Debug|Any CPU.Build.0 = Debug|Any CPU
		{DCEC3E96-E22D-4C66-A2F0-5F57CA13067B}.Release|Any CPU.ActiveCfg = Release|Any CPU
		{DCEC3E96-E22D-4C66-A2F0-5F57CA13067B}.Release|Any CPU.Build.0 = Release|Any CPU
	EndGlobalSection
	GlobalSection(SolutionProperties) = preSolution
		HideSolutionNode = FALSE
	EndGlobalSection
	GlobalSection(ExtensibilityGlobals) = postSolution
		SolutionGuid = {7B726B0A-AFEB-4B1C-B671-41C66F276905}
	EndGlobalSection
EndGlobal
